
Microsoft Visual Studio Solution File, Format Version 12.00
# Visual Studio Version 16
VisualStudioVersion = 16.0.28407.52
MinimumVisualStudioVersion = 10.0.40219.1
Project("{9A19103F-16F7-4668-BE54-9A1E7A4F7556}") = "Template.VueTL", "Template.VueTL\Template.VueTL.csproj", "{F292AA15-4EBD-44A8-B3AC-83BBCC64F3C1}"
EndProject
Project("{9A19103F-16F7-4668-BE54-9A1E7A4F7556}") = "Template.VueTL.Data", "Template.VueTL.Data\Template.VueTL.Data.csproj", "{ABC5BB25-8295-4CA7-A22A-F13D073FB5D2}"
EndProject
Project("{9A19103F-16F7-4668-BE54-9A1E7A4F7556}") = "Template.VueTL.TurboLinks", "Template.VueTL.TurboLinks\Template.VueTL.TurboLinks.csproj", "{7FC9AB81-6F6F-4B52-91E3-5612C778D85E}"
EndProject
Global
	GlobalSection(SolutionConfigurationPlatforms) = preSolution
		Debug|Any CPU = Debug|Any CPU
		Release|Any CPU = Release|Any CPU
	EndGlobalSection
	GlobalSection(ProjectConfigurationPlatforms) = postSolution
		{F292AA15-4EBD-44A8-B3AC-83BBCC64F3C1}.Debug|Any CPU.ActiveCfg = Debug|Any CPU
		{F292AA15-4EBD-44A8-B3AC-83BBCC64F3C1}.Debug|Any CPU.Build.0 = Debug|Any CPU
		{F292AA15-4EBD-44A8-B3AC-83BBCC64F3C1}.Release|Any CPU.ActiveCfg = Release|Any CPU
		{F292AA15-4EBD-44A8-B3AC-83BBCC64F3C1}.Release|Any CPU.Build.0 = Release|Any CPU
		{ABC5BB25-8295-4CA7-A22A-F13D073FB5D2}.Debug|Any CPU.ActiveCfg = Debug|Any CPU
		{ABC5BB25-8295-4CA7-A22A-F13D073FB5D2}.Debug|Any CPU.Build.0 = Debug|Any CPU
		{ABC5BB25-8295-4CA7-A22A-F13D073FB5D2}.Release|Any CPU.ActiveCfg = Release|Any CPU
		{ABC5BB25-8295-4CA7-A22A-F13D073FB5D2}.Release|Any CPU.Build.0 = Release|Any CPU
		{7FC9AB81-6F6F-4B52-91E3-5612C778D85E}.Debug|Any CPU.ActiveCfg = Debug|Any CPU
		{7FC9AB81-6F6F-4B52-91E3-5612C778D85E}.Debug|Any CPU.Build.0 = Debug|Any CPU
		{7FC9AB81-6F6F-4B52-91E3-5612C778D85E}.Release|Any CPU.ActiveCfg = Release|Any CPU
		{7FC9AB81-6F6F-4B52-91E3-5612C778D85E}.Release|Any CPU.Build.0 = Release|Any CPU
	EndGlobalSection
	GlobalSection(SolutionProperties) = preSolution
		HideSolutionNode = FALSE
	EndGlobalSection
	GlobalSection(ExtensibilityGlobals) = postSolution
		SolutionGuid = {75B7CA06-1FD9-411C-A547-CF75B79CCBCA}
	EndGlobalSection
EndGlobal
